
Microsoft Visual Studio Solution File, Format Version 12.00
# Visual Studio 15
VisualStudioVersion = 15.0.27428.2002
MinimumVisualStudioVersion = 10.0.40219.1
Project("{FAE04EC0-301F-11D3-BF4B-00C04F79EFBC}") = "ConsoleApp2", "ConsoleApp2\ConsoleApp2.csproj", "{FDD7087A-0980-446F-80E7-2A7AE233C774}"
EndProject
Global
	GlobalSection(SolutionConfigurationPlatforms) = preSolution
		Debug|Any CPU = Debug|Any CPU
		Release|Any CPU = Release|Any CPU
	EndGlobalSection
	GlobalSection(ProjectConfigurationPlatforms) = postSolution
		{FDD7087A-0980-446F-80E7-2A7AE233C774}.Debug|Any CPU.ActiveCfg = Debug|Any CPU
		{FDD7087A-0980-446F-80E7-2A7AE233C774}.Debug|Any CPU.Build.0 = Debug|Any CPU
		{FDD7087A-0980-446F-80E7-2A7AE233C774}.Release|Any CPU.ActiveCfg = Release|Any CPU
		{FDD7087A-0980-446F-80E7-2A7AE233C774}.Release|Any CPU.Build.0 = Release|Any CPU
	EndGlobalSection
	GlobalSection(SolutionProperties) = preSolution
		HideSolutionNode = FALSE
	EndGlobalSection
	GlobalSection(ExtensibilityGlobals) = postSolution
		SolutionGuid = {CEFD9495-BD5A-47EA-98BD-B022446B8AD7}
	EndGlobalSection
EndGlobal
